// !$*UTF8*$!
{
	archiveVersion = 1;
	classes = {
	};
	objectVersion = 51;
	objects = {

/* Begin PBXBuildFile section */
		385CD476834AB0E1BB8961B1 /* AppDelegate.swift in Sources */ = {isa = PBXBuildFile; fileRef = 469B07A2D84373422DAB7FC0 /* AppDelegate.swift */; };
		6FB4C427BBFDAEA6777518D0 /* SearchAdKit in Frameworks */ = {isa = PBXBuildFile; productRef = AFA11E6B24DD4A1CB36D9165 /* SearchAdKit */; };
/* End PBXBuildFile section */

/* Begin PBXContainerItemProxy section */
		4F3579375AAE8893080F064E /* PBXContainerItemProxy */ = {
			isa = PBXContainerItemProxy;
			containerPortal = CA85EEDF4F188A1C5B4C77E0 /* Project object */;
			proxyType = 1;
			remoteGlobalIDString = 9B9EF9597EB5EEE03EC984D0;
			remoteInfo = SearchAdKitDemo;
		};
/* End PBXContainerItemProxy section */

/* Begin PBXFileReference section */
		20F38D04A6DDA82BA33805C8 /* SearchAdKitUITests.xctest */ = {isa = PBXFileReference; includeInIndex = 0; lastKnownFileType = wrapper.cfbundle; path = SearchAdKitUITests.xctest; sourceTree = BUILT_PRODUCTS_DIR; };
		36FC9B404534FD847EBCE443 /* SearchAdKitDemo.app */ = {isa = PBXFileReference; includeInIndex = 0; lastKnownFileType = wrapper.application; path = SearchAdKitDemo.app; sourceTree = BUILT_PRODUCTS_DIR; };
		469B07A2D84373422DAB7FC0 /* AppDelegate.swift */ = {isa = PBXFileReference; lastKnownFileType = sourcecode.swift; path = AppDelegate.swift; sourceTree = "<group>"; };
		E1C93C0098A17801BB68334A /* framework */ = {isa = PBXFileReference; lastKnownFileType = folder; name = framework; path = framework; sourceTree = SOURCE_ROOT; };
/* End PBXFileReference section */

/* Begin PBXFrameworksBuildPhase section */
		EC4D8EE9BAA1B5B54535E885 /* Frameworks */ = {
			isa = PBXFrameworksBuildPhase;
			buildActionMask = 2147483647;
			files = (
				6FB4C427BBFDAEA6777518D0 /* SearchAdKit in Frameworks */,
			);
			runOnlyForDeploymentPostprocessing = 0;
		};
/* End PBXFrameworksBuildPhase section */

/* Begin PBXGroup section */
		5159FBC8272EBC11D214998D /* Products */ = {
			isa = PBXGroup;
			children = (
				36FC9B404534FD847EBCE443 /* SearchAdKitDemo.app */,
				20F38D04A6DDA82BA33805C8 /* SearchAdKitUITests.xctest */,
			);
			name = Products;
			sourceTree = "<group>";
		};
		6554B5EB278993F945F4C20D /* demo */ = {
			isa = PBXGroup;
			children = (
				469B07A2D84373422DAB7FC0 /* AppDelegate.swift */,
			);
			path = demo;
			sourceTree = "<group>";
		};
		A6E6B55FD546047FF5C85140 /* Packages */ = {
			isa = PBXGroup;
			children = (
				E1C93C0098A17801BB68334A /* framework */,
			);
			name = Packages;
			sourceTree = SOURCE_ROOT;
		};
		AB2E8811DA5C0D53C110C550 /* SearchAdKit */ = {
			isa = PBXGroup;
			children = (
				6554B5EB278993F945F4C20D /* demo */,
				F1F920918D2868E76A42E047 /* ui-tests */,
			);
			name = SearchAdKit;
			sourceTree = "<group>";
		};
		DE3220BE789A6DEC4458E429 = {
			isa = PBXGroup;
			children = (
				A6E6B55FD546047FF5C85140 /* Packages */,
				AB2E8811DA5C0D53C110C550 /* SearchAdKit */,
				5159FBC8272EBC11D214998D /* Products */,
			);
			sourceTree = "<group>";
		};
		F1F920918D2868E76A42E047 /* ui-tests */ = {
			isa = PBXGroup;
			children = (
			);
			path = "ui-tests";
			sourceTree = "<group>";
		};
/* End PBXGroup section */

/* Begin PBXNativeTarget section */
		1FF72FA050F6858F468BCFFA /* SearchAdKitUITests */ = {
			isa = PBXNativeTarget;
			buildConfigurationList = 66525267C55162E434F28B50 /* Build configuration list for PBXNativeTarget "SearchAdKitUITests" */;
			buildPhases = (
				00954DA759F7D104941BC31C /* Sources */,
			);
			buildRules = (
			);
			dependencies = (
				88E4B2BC7B5624FC14949121 /* PBXTargetDependency */,
			);
			name = SearchAdKitUITests;
			productName = SearchAdKitUITests;
			productReference = 20F38D04A6DDA82BA33805C8 /* SearchAdKitUITests.xctest */;
			productType = "com.apple.product-type.bundle.ui-testing";
		};
		9B9EF9597EB5EEE03EC984D0 /* SearchAdKitDemo */ = {
			isa = PBXNativeTarget;
			buildConfigurationList = 6025DBBB3FB7F445D3330CAF /* Build configuration list for PBXNativeTarget "SearchAdKitDemo" */;
			buildPhases = (
				F05152727F390614962F74B8 /* Sources */,
				EC4D8EE9BAA1B5B54535E885 /* Frameworks */,
			);
			buildRules = (
			);
			dependencies = (
			);
			name = SearchAdKitDemo;
			packageProductDependencies = (
				AFA11E6B24DD4A1CB36D9165 /* SearchAdKit */,
			);
			productName = SearchAdKitDemo;
			productReference = 36FC9B404534FD847EBCE443 /* SearchAdKitDemo.app */;
			productType = "com.apple.product-type.application";
		};
/* End PBXNativeTarget section */

/* Begin PBXProject section */
		CA85EEDF4F188A1C5B4C77E0 /* Project object */ = {
			isa = PBXProject;
			attributes = {
				LastUpgradeCheck = 1200;
				TargetAttributes = {
					1FF72FA050F6858F468BCFFA = {
						TestTargetID = 9B9EF9597EB5EEE03EC984D0;
					};
				};
			};
			buildConfigurationList = B62C704D486575465FAA6AD9 /* Build configuration list for PBXProject "SearchAdKit" */;
			compatibilityVersion = "Xcode 11.0";
			developmentRegion = en;
			hasScannedForEncodings = 0;
			knownRegions = (
				Base,
				en,
			);
			mainGroup = DE3220BE789A6DEC4458E429;
			projectDirPath = "";
			projectRoot = "";
			targets = (
				9B9EF9597EB5EEE03EC984D0 /* SearchAdKitDemo */,
				1FF72FA050F6858F468BCFFA /* SearchAdKitUITests */,
			);
		};
/* End PBXProject section */

/* Begin PBXSourcesBuildPhase section */
		00954DA759F7D104941BC31C /* Sources */ = {
			isa = PBXSourcesBuildPhase;
			buildActionMask = 2147483647;
			files = (
			);
			runOnlyForDeploymentPostprocessing = 0;
		};
		F05152727F390614962F74B8 /* Sources */ = {
			isa = PBXSourcesBuildPhase;
			buildActionMask = 2147483647;
			files = (
				385CD476834AB0E1BB8961B1 /* AppDelegate.swift in Sources */,
			);
			runOnlyForDeploymentPostprocessing = 0;
		};
/* End PBXSourcesBuildPhase section */

/* Begin PBXTargetDependency section */
		88E4B2BC7B5624FC14949121 /* PBXTargetDependency */ = {
			isa = PBXTargetDependency;
			target = 9B9EF9597EB5EEE03EC984D0 /* SearchAdKitDemo */;
			targetProxy = 4F3579375AAE8893080F064E /* PBXContainerItemProxy */;
		};
/* End PBXTargetDependency section */

/* Begin XCBuildConfiguration section */
		20E9A70296B72449B2DA1044 /* Release */ = {
			isa = XCBuildConfiguration;
			buildSettings = {
				BUNDLE_LOADER = "$(TEST_HOST)";
				INFOPLIST_FILE = "../SearchAdKit/ui-tests/Info.plist";
				LD_RUNPATH_SEARCH_PATHS = (
					"$(inherited)",
					"@executable_path/Frameworks",
					"@loader_path/Frameworks",
				);
				PRODUCT_BUNDLE_IDENTIFIER = com.rokridi.SearchAdKit.SearchAdKitUITests;
				SDKROOT = iphoneos;
				TARGETED_DEVICE_FAMILY = "1,2";
				TEST_TARGET_NAME = SearchAdKitDemo;
			};
			name = Release;
		};
		3C99C2CE91E8DD34C4829B78 /* Release */ = {
			isa = XCBuildConfiguration;
			buildSettings = {
				ASSETCATALOG_COMPILER_APPICON_NAME = AppIcon;
				CODE_SIGN_IDENTITY = "iPhone Developer";
				INFOPLIST_FILE = ../SearchAdKit/demo/Info.plist;
				LD_RUNPATH_SEARCH_PATHS = (
					"$(inherited)",
					"@executable_path/Frameworks",
				);
				PRODUCT_BUNDLE_IDENTIFIER = com.rokridi.SearchAdKit.SearchAdKitDemo;
				SDKROOT = iphoneos;
				TARGETED_DEVICE_FAMILY = "1,2";
			};
			name = Release;
		};
		8144D3E4D9CE4B75C87833F6 /* Debug */ = {
			isa = XCBuildConfiguration;
			buildSettings = {
				BUNDLE_LOADER = "$(TEST_HOST)";
				INFOPLIST_FILE = "../SearchAdKit/ui-tests/Info.plist";
				LD_RUNPATH_SEARCH_PATHS = (
					"$(inherited)",
					"@executable_path/Frameworks",
					"@loader_path/Frameworks",
				);
				PRODUCT_BUNDLE_IDENTIFIER = com.rokridi.SearchAdKit.SearchAdKitUITests;
				SDKROOT = iphoneos;
				TARGETED_DEVICE_FAMILY = "1,2";
				TEST_TARGET_NAME = SearchAdKitDemo;
			};
			name = Debug;
		};
		BC5C20151531E2FEAF060244 /* Debug */ = {
			isa = XCBuildConfiguration;
			buildSettings = {
				ASSETCATALOG_COMPILER_APPICON_NAME = AppIcon;
				CODE_SIGN_IDENTITY = "iPhone Developer";
				INFOPLIST_FILE = ../SearchAdKit/demo/Info.plist;
				LD_RUNPATH_SEARCH_PATHS = (
					"$(inherited)",
					"@executable_path/Frameworks",
				);
				PRODUCT_BUNDLE_IDENTIFIER = com.rokridi.SearchAdKit.SearchAdKitDemo;
				SDKROOT = iphoneos;
				TARGETED_DEVICE_FAMILY = "1,2";
			};
			name = Debug;
		};
		C0DE02F1699DB7BCC7A7CBDF /* Release */ = {
			isa = XCBuildConfiguration;
			buildSettings = {
				ALWAYS_SEARCH_USER_PATHS = NO;
				CLANG_ANALYZER_NONNULL = YES;
				CLANG_ANALYZER_NUMBER_OBJECT_CONVERSION = YES_AGGRESSIVE;
				CLANG_CXX_LANGUAGE_STANDARD = "gnu++14";
				CLANG_CXX_LIBRARY = "libc++";
				CLANG_ENABLE_MODULES = YES;
				CLANG_ENABLE_OBJC_ARC = YES;
				CLANG_ENABLE_OBJC_WEAK = YES;
				CLANG_WARN_BLOCK_CAPTURE_AUTORELEASING = YES;
				CLANG_WARN_BOOL_CONVERSION = YES;
				CLANG_WARN_COMMA = YES;
				CLANG_WARN_CONSTANT_CONVERSION = YES;
				CLANG_WARN_DEPRECATED_OBJC_IMPLEMENTATIONS = YES;
				CLANG_WARN_DIRECT_OBJC_ISA_USAGE = YES_ERROR;
				CLANG_WARN_DOCUMENTATION_COMMENTS = YES;
				CLANG_WARN_EMPTY_BODY = YES;
				CLANG_WARN_ENUM_CONVERSION = YES;
				CLANG_WARN_INFINITE_RECURSION = YES;
				CLANG_WARN_INT_CONVERSION = YES;
				CLANG_WARN_NON_LITERAL_NULL_CONVERSION = YES;
				CLANG_WARN_OBJC_IMPLICIT_RETAIN_SELF = YES;
				CLANG_WARN_OBJC_LITERAL_CONVERSION = YES;
				CLANG_WARN_OBJC_ROOT_CLASS = YES_ERROR;
				CLANG_WARN_QUOTED_INCLUDE_IN_FRAMEWORK_HEADER = YES;
				CLANG_WARN_RANGE_LOOP_ANALYSIS = YES;
				CLANG_WARN_STRICT_PROTOTYPES = YES;
				CLANG_WARN_SUSPICIOUS_MOVE = YES;
				CLANG_WARN_UNGUARDED_AVAILABILITY = YES_AGGRESSIVE;
				CLANG_WARN_UNREACHABLE_CODE = YES;
				CLANG_WARN__DUPLICATE_METHOD_MATCH = YES;
				COPY_PHASE_STRIP = NO;
				DEBUG_INFORMATION_FORMAT = "dwarf-with-dsym";
				ENABLE_NS_ASSERTIONS = NO;
				ENABLE_STRICT_OBJC_MSGSEND = YES;
				GCC_C_LANGUAGE_STANDARD = gnu11;
				GCC_NO_COMMON_BLOCKS = YES;
				GCC_WARN_64_TO_32_BIT_CONVERSION = YES;
				GCC_WARN_ABOUT_RETURN_TYPE = YES_ERROR;
				GCC_WARN_UNDECLARED_SELECTOR = YES;
				GCC_WARN_UNINITIALIZED_AUTOS = YES_AGGRESSIVE;
				GCC_WARN_UNUSED_FUNCTION = YES;
				GCC_WARN_UNUSED_VARIABLE = YES;
				IPHONEOS_DEPLOYMENT_TARGET = 15.0;
				MTL_ENABLE_DEBUG_INFO = NO;
				MTL_FAST_MATH = YES;
				PRODUCT_NAME = "$(TARGET_NAME)";
				SDKROOT = iphoneos;
				SWIFT_COMPILATION_MODE = wholemodule;
				SWIFT_OPTIMIZATION_LEVEL = "-O";
				SWIFT_VERSION = 5.0;
			};
			name = Release;
		};
		EB78D69DE8A039273B602C64 /* Debug */ = {
			isa = XCBuildConfiguration;
			buildSettings = {
				ALWAYS_SEARCH_USER_PATHS = NO;
				CLANG_ANALYZER_NONNULL = YES;
				CLANG_ANALYZER_NUMBER_OBJECT_CONVERSION = YES_AGGRESSIVE;
				CLANG_CXX_LANGUAGE_STANDARD = "gnu++14";
				CLANG_CXX_LIBRARY = "libc++";
				CLANG_ENABLE_MODULES = YES;
				CLANG_ENABLE_OBJC_ARC = YES;
				CLANG_ENABLE_OBJC_WEAK = YES;
				CLANG_WARN_BLOCK_CAPTURE_AUTORELEASING = YES;
				CLANG_WARN_BOOL_CONVERSION = YES;
				CLANG_WARN_COMMA = YES;
				CLANG_WARN_CONSTANT_CONVERSION = YES;
				CLANG_WARN_DEPRECATED_OBJC_IMPLEMENTATIONS = YES;
				CLANG_WARN_DIRECT_OBJC_ISA_USAGE = YES_ERROR;
				CLANG_WARN_DOCUMENTATION_COMMENTS = YES;
				CLANG_WARN_EMPTY_BODY = YES;
				CLANG_WARN_ENUM_CONVERSION = YES;
				CLANG_WARN_INFINITE_RECURSION = YES;
				CLANG_WARN_INT_CONVERSION = YES;
				CLANG_WARN_NON_LITERAL_NULL_CONVERSION = YES;
				CLANG_WARN_OBJC_IMPLICIT_RETAIN_SELF = YES;
				CLANG_WARN_OBJC_LITERAL_CONVERSION = YES;
				CLANG_WARN_OBJC_ROOT_CLASS = YES_ERROR;
				CLANG_WARN_QUOTED_INCLUDE_IN_FRAMEWORK_HEADER = YES;
				CLANG_WARN_RANGE_LOOP_ANALYSIS = YES;
				CLANG_WARN_STRICT_PROTOTYPES = YES;
				CLANG_WARN_SUSPICIOUS_MOVE = YES;
				CLANG_WARN_UNGUARDED_AVAILABILITY = YES_AGGRESSIVE;
				CLANG_WARN_UNREACHABLE_CODE = YES;
				CLANG_WARN__DUPLICATE_METHOD_MATCH = YES;
				COPY_PHASE_STRIP = NO;
				DEBUG_INFORMATION_FORMAT = dwarf;
				ENABLE_STRICT_OBJC_MSGSEND = YES;
				ENABLE_TESTABILITY = YES;
				GCC_C_LANGUAGE_STANDARD = gnu11;
				GCC_DYNAMIC_NO_PIC = NO;
				GCC_NO_COMMON_BLOCKS = YES;
				GCC_OPTIMIZATION_LEVEL = 0;
				GCC_PREPROCESSOR_DEFINITIONS = (
					"$(inherited)",
					"DEBUG=1",
				);
				GCC_WARN_64_TO_32_BIT_CONVERSION = YES;
				GCC_WARN_ABOUT_RETURN_TYPE = YES_ERROR;
				GCC_WARN_UNDECLARED_SELECTOR = YES;
				GCC_WARN_UNINITIALIZED_AUTOS = YES_AGGRESSIVE;
				GCC_WARN_UNUSED_FUNCTION = YES;
				GCC_WARN_UNUSED_VARIABLE = YES;
				IPHONEOS_DEPLOYMENT_TARGET = 15.0;
				MTL_ENABLE_DEBUG_INFO = INCLUDE_SOURCE;
				MTL_FAST_MATH = YES;
				ONLY_ACTIVE_ARCH = YES;
				PRODUCT_NAME = "$(TARGET_NAME)";
				SDKROOT = iphoneos;
				SWIFT_ACTIVE_COMPILATION_CONDITIONS = DEBUG;
				SWIFT_OPTIMIZATION_LEVEL = "-Onone";
				SWIFT_VERSION = 5.0;
			};
			name = Debug;
		};
/* End XCBuildConfiguration section */

/* Begin XCConfigurationList section */
		6025DBBB3FB7F445D3330CAF /* Build configuration list for PBXNativeTarget "SearchAdKitDemo" */ = {
			isa = XCConfigurationList;
			buildConfigurations = (
				BC5C20151531E2FEAF060244 /* Debug */,
				3C99C2CE91E8DD34C4829B78 /* Release */,
			);
			defaultConfigurationIsVisible = 0;
			defaultConfigurationName = Debug;
		};
		66525267C55162E434F28B50 /* Build configuration list for PBXNativeTarget "SearchAdKitUITests" */ = {
			isa = XCConfigurationList;
			buildConfigurations = (
				8144D3E4D9CE4B75C87833F6 /* Debug */,
				20E9A70296B72449B2DA1044 /* Release */,
			);
			defaultConfigurationIsVisible = 0;
			defaultConfigurationName = Debug;
		};
		B62C704D486575465FAA6AD9 /* Build configuration list for PBXProject "SearchAdKit" */ = {
			isa = XCConfigurationList;
			buildConfigurations = (
				EB78D69DE8A039273B602C64 /* Debug */,
				C0DE02F1699DB7BCC7A7CBDF /* Release */,
			);
			defaultConfigurationIsVisible = 0;
			defaultConfigurationName = Debug;
		};
/* End XCConfigurationList section */

/* Begin XCSwiftPackageProductDependency section */
		AFA11E6B24DD4A1CB36D9165 /* SearchAdKit */ = {
			isa = XCSwiftPackageProductDependency;
			productName = SearchAdKit;
		};
/* End XCSwiftPackageProductDependency section */
	};
	rootObject = CA85EEDF4F188A1C5B4C77E0 /* Project object */;
}
